// !$*UTF8*$!
{
	archiveVersion = 1;
	classes = {
	};
	objectVersion = 46;
	objects = {

/* Begin PBXBuildFile section */
		1CA6FAA91C93FF9500688340 /* main.m in Sources */ = {isa = PBXBuildFile; fileRef = 1CA6FAA81C93FF9500688340 /* main.m */; };
		1CA6FAAC1C93FF9600688340 /* AppDelegate.m in Sources */ = {isa = PBXBuildFile; fileRef = 1CA6FAAB1C93FF9600688340 /* AppDelegate.m */; };
		1CA6FAAF1C93FF9600688340 /* ViewController.m in Sources */ = {isa = PBXBuildFile; fileRef = 1CA6FAAE1C93FF9600688340 /* ViewController.m */; };
		1CA6FAB21C93FF9600688340 /* Main.storyboard in Resources */ = {isa = PBXBuildFile; fileRef = 1CA6FAB01C93FF9600688340 /* Main.storyboard */; };
		1CA6FAB41C93FF9600688340 /* Assets.xcassets in Resources */ = {isa = PBXBuildFile; fileRef = 1CA6FAB31C93FF9600688340 /* Assets.xcassets */; };
		1CA6FAB71C93FF9600688340 /* LaunchScreen.storyboard in Resources */ = {isa = PBXBuildFile; fileRef = 1CA6FAB51C93FF9600688340 /* LaunchScreen.storyboard */; };
		1CA6FAC21C93FF9600688340 /* Auto_M8Tests.m in Sources */ = {isa = PBXBuildFile; fileRef = 1CA6FAC11C93FF9600688340 /* Auto_M8Tests.m */; };
		1CA6FACD1C93FF9600688340 /* Auto_M8UITests.m in Sources */ = {isa = PBXBuildFile; fileRef = 1CA6FACC1C93FF9600688340 /* Auto_M8UITests.m */; };
		1CA6FADC1C940AF100688340 /* Bolts.framework in Frameworks */ = {isa = PBXBuildFile; fileRef = 1CA6FADB1C940AF100688340 /* Bolts.framework */; };
		1CA6FADE1C940AFC00688340 /* Parse.framework in Frameworks */ = {isa = PBXBuildFile; fileRef = 1CA6FADD1C940AFC00688340 /* Parse.framework */; };
		1CA6FAE01C940B0900688340 /* ParseUI.framework in Frameworks */ = {isa = PBXBuildFile; fileRef = 1CA6FADF1C940B0900688340 /* ParseUI.framework */; };
		1CA6FAE21C940D9400688340 /* AudioToolbox.framework in Frameworks */ = {isa = PBXBuildFile; fileRef = 1CA6FAE11C940D9400688340 /* AudioToolbox.framework */; };
		1CA6FAE41C940DA100688340 /* CFNetwork.framework in Frameworks */ = {isa = PBXBuildFile; fileRef = 1CA6FAE31C940DA100688340 /* CFNetwork.framework */; };
		1CA6FAE61C940DAE00688340 /* CoreGraphics.framework in Frameworks */ = {isa = PBXBuildFile; fileRef = 1CA6FAE51C940DAE00688340 /* CoreGraphics.framework */; };
		1CA6FAE81C940DB600688340 /* CoreLocation.framework in Frameworks */ = {isa = PBXBuildFile; fileRef = 1CA6FAE71C940DB600688340 /* CoreLocation.framework */; };
		1CA6FAEA1C940DC200688340 /* QuartzCore.framework in Frameworks */ = {isa = PBXBuildFile; fileRef = 1CA6FAE91C940DC200688340 /* QuartzCore.framework */; };
		1CA6FAEC1C940DCB00688340 /* Security.framework in Frameworks */ = {isa = PBXBuildFile; fileRef = 1CA6FAEB1C940DCB00688340 /* Security.framework */; };
		1CA6FAEE1C940DD300688340 /* StoreKit.framework in Frameworks */ = {isa = PBXBuildFile; fileRef = 1CA6FAED1C940DD300688340 /* StoreKit.framework */; };
		1CA6FAF01C940DDE00688340 /* SystemConfiguration.framework in Frameworks */ = {isa = PBXBuildFile; fileRef = 1CA6FAEF1C940DDE00688340 /* SystemConfiguration.framework */; };
		1CA6FAF21C940DEC00688340 /* libz.tbd in Frameworks */ = {isa = PBXBuildFile; fileRef = 1CA6FAF11C940DEC00688340 /* libz.tbd */; };
		1CA6FAF41C940DFA00688340 /* libsqlite3.tbd in Frameworks */ = {isa = PBXBuildFile; fileRef = 1CA6FAF31C940DFA00688340 /* libsqlite3.tbd */; };
		1CA6FB161C97CCED00688340 /* 50 Px Pressed About Us.png in Resources */ = {isa = PBXBuildFile; fileRef = 1CA6FB121C97CCED00688340 /* 50 Px Pressed About Us.png */; };
		1CA6FB171C97CCED00688340 /* 50 Px pressed dashboard.png in Resources */ = {isa = PBXBuildFile; fileRef = 1CA6FB131C97CCED00688340 /* 50 Px pressed dashboard.png */; };
		1CA6FB181C97CCED00688340 /* appTheme in Resources */ = {isa = PBXBuildFile; fileRef = 1CA6FB141C97CCED00688340 /* appTheme */; };
		1CA6FB191C97CCED00688340 /* appTheme1 in Resources */ = {isa = PBXBuildFile; fileRef = 1CA6FB151C97CCED00688340 /* appTheme1 */; };
		1CA6FB261C97CCFA00688340 /* backimage in Resources */ = {isa = PBXBuildFile; fileRef = 1CA6FB1A1C97CCFA00688340 /* backimage */; };
		1CA6FB271C97CCFA00688340 /* CleanCar in Resources */ = {isa = PBXBuildFile; fileRef = 1CA6FB1B1C97CCFA00688340 /* CleanCar */; };
		1CA6FB281C97CCFA00688340 /* homePage in Resources */ = {isa = PBXBuildFile; fileRef = 1CA6FB1C1C97CCFA00688340 /* homePage */; };
		1CA6FB291C97CCFA00688340 /* launchimage.png in Resources */ = {isa = PBXBuildFile; fileRef = 1CA6FB1D1C97CCFA00688340 /* launchimage.png */; };
		1CA6FB2A1C97CCFA00688340 /* loginButton in Resources */ = {isa = PBXBuildFile; fileRef = 1CA6FB1E1C97CCFA00688340 /* loginButton */; };
		1CA6FB2B1C97CCFA00688340 /* pressed profile.png in Resources */ = {isa = PBXBuildFile; fileRef = 1CA6FB1F1C97CCFA00688340 /* pressed profile.png */; };
		1CA6FB2C1C97CCFA00688340 /* registerButton in Resources */ = {isa = PBXBuildFile; fileRef = 1CA6FB201C97CCFA00688340 /* registerButton */; };
		1CA6FB2D1C97CCFA00688340 /* search bar-Recovered.png in Resources */ = {isa = PBXBuildFile; fileRef = 1CA6FB211C97CCFA00688340 /* search bar-Recovered.png */; };
		1CA6FB2E1C97CCFA00688340 /* ServiceCar in Resources */ = {isa = PBXBuildFile; fileRef = 1CA6FB221C97CCFA00688340 /* ServiceCar */; };
		1CA6FB2F1C97CCFA00688340 /* simpleBackground.jpg in Resources */ = {isa = PBXBuildFile; fileRef = 1CA6FB231C97CCFA00688340 /* simpleBackground.jpg */; };
		1CA6FB301C97CCFA00688340 /* YourCars in Resources */ = {isa = PBXBuildFile; fileRef = 1CA6FB241C97CCFA00688340 /* YourCars */; };
		1CA6FB311C97CCFA00688340 /* YourCars.png in Resources */ = {isa = PBXBuildFile; fileRef = 1CA6FB251C97CCFA00688340 /* YourCars.png */; };
/* End PBXBuildFile section */

/* Begin PBXContainerItemProxy section */
		1CA6FABE1C93FF9600688340 /* PBXContainerItemProxy */ = {
			isa = PBXContainerItemProxy;
			containerPortal = 1CA6FA9C1C93FF9500688340 /* Project object */;
			proxyType = 1;
			remoteGlobalIDString = 1CA6FAA31C93FF9500688340;
			remoteInfo = "Auto-M8";
		};
		1CA6FAC91C93FF9600688340 /* PBXContainerItemProxy */ = {
			isa = PBXContainerItemProxy;
			containerPortal = 1CA6FA9C1C93FF9500688340 /* Project object */;
			proxyType = 1;
			remoteGlobalIDString = 1CA6FAA31C93FF9500688340;
			remoteInfo = "Auto-M8";
		};
/* End PBXContainerItemProxy section */

/* Begin PBXFileReference section */
		1CA6FAA41C93FF9500688340 /* Auto-M8.app */ = {isa = PBXFileReference; explicitFileType = wrapper.application; includeInIndex = 0; path = "Auto-M8.app"; sourceTree = BUILT_PRODUCTS_DIR; };
		1CA6FAA81C93FF9500688340 /* main.m */ = {isa = PBXFileReference; lastKnownFileType = sourcecode.c.objc; path = main.m; sourceTree = "<group>"; };
		1CA6FAAA1C93FF9500688340 /* AppDelegate.h */ = {isa = PBXFileReference; lastKnownFileType = sourcecode.c.h; path = AppDelegate.h; sourceTree = "<group>"; };
		1CA6FAAB1C93FF9600688340 /* AppDelegate.m */ = {isa = PBXFileReference; lastKnownFileType = sourcecode.c.objc; path = AppDelegate.m; sourceTree = "<group>"; };
		1CA6FAAD1C93FF9600688340 /* ViewController.h */ = {isa = PBXFileReference; lastKnownFileType = sourcecode.c.h; path = ViewController.h; sourceTree = "<group>"; };
		1CA6FAAE1C93FF9600688340 /* ViewController.m */ = {isa = PBXFileReference; lastKnownFileType = sourcecode.c.objc; path = ViewController.m; sourceTree = "<group>"; };
		1CA6FAB11C93FF9600688340 /* Base */ = {isa = PBXFileReference; lastKnownFileType = file.storyboard; name = Base; path = Base.lproj/Main.storyboard; sourceTree = "<group>"; };
		1CA6FAB31C93FF9600688340 /* Assets.xcassets */ = {isa = PBXFileReference; lastKnownFileType = folder.assetcatalog; path = Assets.xcassets; sourceTree = "<group>"; };
		1CA6FAB61C93FF9600688340 /* Base */ = {isa = PBXFileReference; lastKnownFileType = file.storyboard; name = Base; path = Base.lproj/LaunchScreen.storyboard; sourceTree = "<group>"; };
		1CA6FAB81C93FF9600688340 /* Info.plist */ = {isa = PBXFileReference; lastKnownFileType = text.plist.xml; path = Info.plist; sourceTree = "<group>"; };
		1CA6FABD1C93FF9600688340 /* Auto-M8Tests.xctest */ = {isa = PBXFileReference; explicitFileType = wrapper.cfbundle; includeInIndex = 0; path = "Auto-M8Tests.xctest"; sourceTree = BUILT_PRODUCTS_DIR; };
		1CA6FAC11C93FF9600688340 /* Auto_M8Tests.m */ = {isa = PBXFileReference; lastKnownFileType = sourcecode.c.objc; path = Auto_M8Tests.m; sourceTree = "<group>"; };
		1CA6FAC31C93FF9600688340 /* Info.plist */ = {isa = PBXFileReference; lastKnownFileType = text.plist.xml; path = Info.plist; sourceTree = "<group>"; };
		1CA6FAC81C93FF9600688340 /* Auto-M8UITests.xctest */ = {isa = PBXFileReference; explicitFileType = wrapper.cfbundle; includeInIndex = 0; path = "Auto-M8UITests.xctest"; sourceTree = BUILT_PRODUCTS_DIR; };
		1CA6FACC1C93FF9600688340 /* Auto_M8UITests.m */ = {isa = PBXFileReference; lastKnownFileType = sourcecode.c.objc; path = Auto_M8UITests.m; sourceTree = "<group>"; };
		1CA6FACE1C93FF9600688340 /* Info.plist */ = {isa = PBXFileReference; lastKnownFileType = text.plist.xml; path = Info.plist; sourceTree = "<group>"; };
		1CA6FADB1C940AF100688340 /* Bolts.framework */ = {isa = PBXFileReference; lastKnownFileType = wrapper.framework; path = Bolts.framework; sourceTree = "<group>"; };
		1CA6FADD1C940AFC00688340 /* Parse.framework */ = {isa = PBXFileReference; lastKnownFileType = wrapper.framework; path = Parse.framework; sourceTree = "<group>"; };
		1CA6FADF1C940B0900688340 /* ParseUI.framework */ = {isa = PBXFileReference; lastKnownFileType = wrapper.framework; path = ParseUI.framework; sourceTree = "<group>"; };
		1CA6FAE11C940D9400688340 /* AudioToolbox.framework */ = {isa = PBXFileReference; lastKnownFileType = wrapper.framework; name = AudioToolbox.framework; path = System/Library/Frameworks/AudioToolbox.framework; sourceTree = SDKROOT; };
		1CA6FAE31C940DA100688340 /* CFNetwork.framework */ = {isa = PBXFileReference; lastKnownFileType = wrapper.framework; name = CFNetwork.framework; path = System/Library/Frameworks/CFNetwork.framework; sourceTree = SDKROOT; };
		1CA6FAE51C940DAE00688340 /* CoreGraphics.framework */ = {isa = PBXFileReference; lastKnownFileType = wrapper.framework; name = CoreGraphics.framework; path = System/Library/Frameworks/CoreGraphics.framework; sourceTree = SDKROOT; };
		1CA6FAE71C940DB600688340 /* CoreLocation.framework */ = {isa = PBXFileReference; lastKnownFileType = wrapper.framework; name = CoreLocation.framework; path = System/Library/Frameworks/CoreLocation.framework; sourceTree = SDKROOT; };
		1CA6FAE91C940DC200688340 /* QuartzCore.framework */ = {isa = PBXFileReference; lastKnownFileType = wrapper.framework; name = QuartzCore.framework; path = System/Library/Frameworks/QuartzCore.framework; sourceTree = SDKROOT; };
		1CA6FAEB1C940DCB00688340 /* Security.framework */ = {isa = PBXFileReference; lastKnownFileType = wrapper.framework; name = Security.framework; path = System/Library/Frameworks/Security.framework; sourceTree = SDKROOT; };
		1CA6FAED1C940DD300688340 /* StoreKit.framework */ = {isa = PBXFileReference; lastKnownFileType = wrapper.framework; name = StoreKit.framework; path = System/Library/Frameworks/StoreKit.framework; sourceTree = SDKROOT; };
		1CA6FAEF1C940DDE00688340 /* SystemConfiguration.framework */ = {isa = PBXFileReference; lastKnownFileType = wrapper.framework; name = SystemConfiguration.framework; path = System/Library/Frameworks/SystemConfiguration.framework; sourceTree = SDKROOT; };
		1CA6FAF11C940DEC00688340 /* libz.tbd */ = {isa = PBXFileReference; lastKnownFileType = "sourcecode.text-based-dylib-definition"; name = libz.tbd; path = usr/lib/libz.tbd; sourceTree = SDKROOT; };
		1CA6FAF31C940DFA00688340 /* libsqlite3.tbd */ = {isa = PBXFileReference; lastKnownFileType = "sourcecode.text-based-dylib-definition"; name = libsqlite3.tbd; path = usr/lib/libsqlite3.tbd; sourceTree = SDKROOT; };
		1CA6FB121C97CCED00688340 /* 50 Px Pressed About Us.png */ = {isa = PBXFileReference; lastKnownFileType = image.png; path = "50 Px Pressed About Us.png"; sourceTree = SOURCE_ROOT; };
		1CA6FB131C97CCED00688340 /* 50 Px pressed dashboard.png */ = {isa = PBXFileReference; lastKnownFileType = image.png; path = "50 Px pressed dashboard.png"; sourceTree = SOURCE_ROOT; };
		1CA6FB141C97CCED00688340 /* appTheme */ = {isa = PBXFileReference; lastKnownFileType = file; path = appTheme; sourceTree = SOURCE_ROOT; };
		1CA6FB151C97CCED00688340 /* appTheme1 */ = {isa = PBXFileReference; lastKnownFileType = file; path = appTheme1; sourceTree = SOURCE_ROOT; };
		1CA6FB1A1C97CCFA00688340 /* backimage */ = {isa = PBXFileReference; lastKnownFileType = file; path = backimage; sourceTree = SOURCE_ROOT; };
		1CA6FB1B1C97CCFA00688340 /* CleanCar */ = {isa = PBXFileReference; lastKnownFileType = file; path = CleanCar; sourceTree = SOURCE_ROOT; };
		1CA6FB1C1C97CCFA00688340 /* homePage */ = {isa = PBXFileReference; lastKnownFileType = file; path = homePage; sourceTree = SOURCE_ROOT; };
		1CA6FB1D1C97CCFA00688340 /* launchimage.png */ = {isa = PBXFileReference; lastKnownFileType = image.png; path = launchimage.png; sourceTree = SOURCE_ROOT; };
		1CA6FB1E1C97CCFA00688340 /* loginButton */ = {isa = PBXFileReference; lastKnownFileType = file; path = loginButton; sourceTree = SOURCE_ROOT; };
		1CA6FB1F1C97CCFA00688340 /* pressed profile.png */ = {isa = PBXFileReference; lastKnownFileType = image.png; path = "pressed profile.png"; sourceTree = SOURCE_ROOT; };
		1CA6FB201C97CCFA00688340 /* registerButton */ = {isa = PBXFileReference; lastKnownFileType = file; path = registerButton; sourceTree = SOURCE_ROOT; };
		1CA6FB211C97CCFA00688340 /* search bar-Recovered.png */ = {isa = PBXFileReference; lastKnownFileType = image.png; path = "search bar-Recovered.png"; sourceTree = SOURCE_ROOT; };
		1CA6FB221C97CCFA00688340 /* ServiceCar */ = {isa = PBXFileReference; lastKnownFileType = file; path = ServiceCar; sourceTree = SOURCE_ROOT; };
		1CA6FB231C97CCFA00688340 /* simpleBackground.jpg */ = {isa = PBXFileReference; lastKnownFileType = image.jpeg; path = simpleBackground.jpg; sourceTree = SOURCE_ROOT; };
		1CA6FB241C97CCFA00688340 /* YourCars */ = {isa = PBXFileReference; lastKnownFileType = file; path = YourCars; sourceTree = SOURCE_ROOT; };
		1CA6FB251C97CCFA00688340 /* YourCars.png */ = {isa = PBXFileReference; lastKnownFileType = image.png; path = YourCars.png; sourceTree = SOURCE_ROOT; };
/* End PBXFileReference section */

/* Begin PBXFrameworksBuildPhase section */
		1CA6FAA11C93FF9500688340 /* Frameworks */ = {
			isa = PBXFrameworksBuildPhase;
			buildActionMask = 2147483647;
			files = (
				1CA6FAF41C940DFA00688340 /* libsqlite3.tbd in Frameworks */,
				1CA6FAF21C940DEC00688340 /* libz.tbd in Frameworks */,
				1CA6FAF01C940DDE00688340 /* SystemConfiguration.framework in Frameworks */,
				1CA6FAEE1C940DD300688340 /* StoreKit.framework in Frameworks */,
				1CA6FAEC1C940DCB00688340 /* Security.framework in Frameworks */,
				1CA6FAEA1C940DC200688340 /* QuartzCore.framework in Frameworks */,
				1CA6FAE81C940DB600688340 /* CoreLocation.framework in Frameworks */,
				1CA6FAE61C940DAE00688340 /* CoreGraphics.framework in Frameworks */,
				1CA6FAE41C940DA100688340 /* CFNetwork.framework in Frameworks */,
				1CA6FAE21C940D9400688340 /* AudioToolbox.framework in Frameworks */,
				1CA6FAE01C940B0900688340 /* ParseUI.framework in Frameworks */,
				1CA6FADE1C940AFC00688340 /* Parse.framework in Frameworks */,
				1CA6FADC1C940AF100688340 /* Bolts.framework in Frameworks */,
			);
			runOnlyForDeploymentPostprocessing = 0;
		};
		1CA6FABA1C93FF9600688340 /* Frameworks */ = {
			isa = PBXFrameworksBuildPhase;
			buildActionMask = 2147483647;
			files = (
			);
			runOnlyForDeploymentPostprocessing = 0;
		};
		1CA6FAC51C93FF9600688340 /* Frameworks */ = {
			isa = PBXFrameworksBuildPhase;
			buildActionMask = 2147483647;
			files = (
			);
			runOnlyForDeploymentPostprocessing = 0;
		};
/* End PBXFrameworksBuildPhase section */

/* Begin PBXGroup section */
		1CA6FA9B1C93FF9500688340 = {
			isa = PBXGroup;
			children = (
				1CA6FAF31C940DFA00688340 /* libsqlite3.tbd */,
				1CA6FAF11C940DEC00688340 /* libz.tbd */,
				1CA6FAEF1C940DDE00688340 /* SystemConfiguration.framework */,
				1CA6FAED1C940DD300688340 /* StoreKit.framework */,
				1CA6FAEB1C940DCB00688340 /* Security.framework */,
				1CA6FAE91C940DC200688340 /* QuartzCore.framework */,
				1CA6FAE71C940DB600688340 /* CoreLocation.framework */,
				1CA6FAE51C940DAE00688340 /* CoreGraphics.framework */,
				1CA6FAE31C940DA100688340 /* CFNetwork.framework */,
				1CA6FAE11C940D9400688340 /* AudioToolbox.framework */,
				1CA6FAA61C93FF9500688340 /* Auto-M8 */,
				1CA6FAC01C93FF9600688340 /* Auto-M8Tests */,
				1CA6FACB1C93FF9600688340 /* Auto-M8UITests */,
				1CA6FAA51C93FF9500688340 /* Products */,
			);
			sourceTree = "<group>";
		};
		1CA6FAA51C93FF9500688340 /* Products */ = {
			isa = PBXGroup;
			children = (
				1CA6FAA41C93FF9500688340 /* Auto-M8.app */,
				1CA6FABD1C93FF9600688340 /* Auto-M8Tests.xctest */,
				1CA6FAC81C93FF9600688340 /* Auto-M8UITests.xctest */,
			);
			name = Products;
			sourceTree = "<group>";
		};
		1CA6FAA61C93FF9500688340 /* Auto-M8 */ = {
			isa = PBXGroup;
			children = (
				1CA6FAF51C940F5000688340 /* images */,
				1CA6FADA1C940AD400688340 /* Frameworks */,
				1CA6FAAA1C93FF9500688340 /* AppDelegate.h */,
				1CA6FAAB1C93FF9600688340 /* AppDelegate.m */,
				1CA6FAAD1C93FF9600688340 /* ViewController.h */,
				1CA6FAAE1C93FF9600688340 /* ViewController.m */,
				1CA6FAB01C93FF9600688340 /* Main.storyboard */,
				1CA6FAB31C93FF9600688340 /* Assets.xcassets */,
				1CA6FAB51C93FF9600688340 /* LaunchScreen.storyboard */,
				1CA6FAB81C93FF9600688340 /* Info.plist */,
				1CA6FAA71C93FF9500688340 /* Supporting Files */,
			);
			path = "Auto-M8";
			sourceTree = "<group>";
		};
		1CA6FAA71C93FF9500688340 /* Supporting Files */ = {
			isa = PBXGroup;
			children = (
				1CA6FAA81C93FF9500688340 /* main.m */,
			);
			name = "Supporting Files";
			sourceTree = "<group>";
		};
		1CA6FAC01C93FF9600688340 /* Auto-M8Tests */ = {
			isa = PBXGroup;
			children = (
				1CA6FAC11C93FF9600688340 /* Auto_M8Tests.m */,
				1CA6FAC31C93FF9600688340 /* Info.plist */,
			);
			path = "Auto-M8Tests";
			sourceTree = "<group>";
		};
		1CA6FACB1C93FF9600688340 /* Auto-M8UITests */ = {
			isa = PBXGroup;
			children = (
				1CA6FACC1C93FF9600688340 /* Auto_M8UITests.m */,
				1CA6FACE1C93FF9600688340 /* Info.plist */,
			);
			path = "Auto-M8UITests";
			sourceTree = "<group>";
		};
		1CA6FADA1C940AD400688340 /* Frameworks */ = {
			isa = PBXGroup;
			children = (
				1CA6FADF1C940B0900688340 /* ParseUI.framework */,
				1CA6FADD1C940AFC00688340 /* Parse.framework */,
				1CA6FADB1C940AF100688340 /* Bolts.framework */,
			);
			name = Frameworks;
			sourceTree = "<group>";
		};
		1CA6FAF51C940F5000688340 /* images */ = {
			isa = PBXGroup;
			children = (
				1CA6FB1A1C97CCFA00688340 /* backimage */,
				1CA6FB1B1C97CCFA00688340 /* CleanCar */,
				1CA6FB1C1C97CCFA00688340 /* homePage */,
				1CA6FB1D1C97CCFA00688340 /* launchimage.png */,
				1CA6FB1E1C97CCFA00688340 /* loginButton */,
				1CA6FB1F1C97CCFA00688340 /* pressed profile.png */,
				1CA6FB201C97CCFA00688340 /* registerButton */,
				1CA6FB211C97CCFA00688340 /* search bar-Recovered.png */,
				1CA6FB221C97CCFA00688340 /* ServiceCar */,
				1CA6FB231C97CCFA00688340 /* simpleBackground.jpg */,
				1CA6FB241C97CCFA00688340 /* YourCars */,
				1CA6FB251C97CCFA00688340 /* YourCars.png */,
				1CA6FB121C97CCED00688340 /* 50 Px Pressed About Us.png */,
				1CA6FB131C97CCED00688340 /* 50 Px pressed dashboard.png */,
				1CA6FB141C97CCED00688340 /* appTheme */,
				1CA6FB151C97CCED00688340 /* appTheme1 */,
			);
			name = images;
			sourceTree = "<group>";
		};
/* End PBXGroup section */

/* Begin PBXNativeTarget section */
		1CA6FAA31C93FF9500688340 /* Auto-M8 */ = {
			isa = PBXNativeTarget;
			buildConfigurationList = 1CA6FAD11C93FF9600688340 /* Build configuration list for PBXNativeTarget "Auto-M8" */;
			buildPhases = (
				1CA6FAA01C93FF9500688340 /* Sources */,
				1CA6FAA11C93FF9500688340 /* Frameworks */,
				1CA6FAA21C93FF9500688340 /* Resources */,
			);
			buildRules = (
			);
			dependencies = (
			);
			name = "Auto-M8";
			productName = "Auto-M8";
			productReference = 1CA6FAA41C93FF9500688340 /* Auto-M8.app */;
			productType = "com.apple.product-type.application";
		};
		1CA6FABC1C93FF9600688340 /* Auto-M8Tests */ = {
			isa = PBXNativeTarget;
			buildConfigurationList = 1CA6FAD41C93FF9600688340 /* Build configuration list for PBXNativeTarget "Auto-M8Tests" */;
			buildPhases = (
				1CA6FAB91C93FF9600688340 /* Sources */,
				1CA6FABA1C93FF9600688340 /* Frameworks */,
				1CA6FABB1C93FF9600688340 /* Resources */,
			);
			buildRules = (
			);
			dependencies = (
				1CA6FABF1C93FF9600688340 /* PBXTargetDependency */,
			);
			name = "Auto-M8Tests";
			productName = "Auto-M8Tests";
			productReference = 1CA6FABD1C93FF9600688340 /* Auto-M8Tests.xctest */;
			productType = "com.apple.product-type.bundle.unit-test";
		};
		1CA6FAC71C93FF9600688340 /* Auto-M8UITests */ = {
			isa = PBXNativeTarget;
			buildConfigurationList = 1CA6FAD71C93FF9600688340 /* Build configuration list for PBXNativeTarget "Auto-M8UITests" */;
			buildPhases = (
				1CA6FAC41C93FF9600688340 /* Sources */,
				1CA6FAC51C93FF9600688340 /* Frameworks */,
				1CA6FAC61C93FF9600688340 /* Resources */,
			);
			buildRules = (
			);
			dependencies = (
				1CA6FACA1C93FF9600688340 /* PBXTargetDependency */,
			);
			name = "Auto-M8UITests";
			productName = "Auto-M8UITests";
			productReference = 1CA6FAC81C93FF9600688340 /* Auto-M8UITests.xctest */;
			productType = "com.apple.product-type.bundle.ui-testing";
		};
/* End PBXNativeTarget section */

/* Begin PBXProject section */
		1CA6FA9C1C93FF9500688340 /* Project object */ = {
			isa = PBXProject;
			attributes = {
				LastUpgradeCheck = 0710;
				ORGANIZATIONNAME = "Ispire Solution";
				TargetAttributes = {
					1CA6FAA31C93FF9500688340 = {
						CreatedOnToolsVersion = 7.1.1;
					};
					1CA6FABC1C93FF9600688340 = {
						CreatedOnToolsVersion = 7.1.1;
						TestTargetID = 1CA6FAA31C93FF9500688340;
					};
					1CA6FAC71C93FF9600688340 = {
						CreatedOnToolsVersion = 7.1.1;
						TestTargetID = 1CA6FAA31C93FF9500688340;
					};
				};
			};
			buildConfigurationList = 1CA6FA9F1C93FF9500688340 /* Build configuration list for PBXProject "Auto-M8" */;
			compatibilityVersion = "Xcode 3.2";
			developmentRegion = English;
			hasScannedForEncodings = 0;
			knownRegions = (
				en,
				Base,
			);
			mainGroup = 1CA6FA9B1C93FF9500688340;
			productRefGroup = 1CA6FAA51C93FF9500688340 /* Products */;
			projectDirPath = "";
			projectRoot = "";
			targets = (
				1CA6FAA31C93FF9500688340 /* Auto-M8 */,
				1CA6FABC1C93FF9600688340 /* Auto-M8Tests */,
				1CA6FAC71C93FF9600688340 /* Auto-M8UITests */,
			);
		};
/* End PBXProject section */

/* Begin PBXResourcesBuildPhase section */
		1CA6FAA21C93FF9500688340 /* Resources */ = {
			isa = PBXResourcesBuildPhase;
			buildActionMask = 2147483647;
			files = (
				1CA6FB2F1C97CCFA00688340 /* simpleBackground.jpg in Resources */,
				1CA6FB2D1C97CCFA00688340 /* search bar-Recovered.png in Resources */,
				1CA6FB2E1C97CCFA00688340 /* ServiceCar in Resources */,
				1CA6FB181C97CCED00688340 /* appTheme in Resources */,
				1CA6FB171C97CCED00688340 /* 50 Px pressed dashboard.png in Resources */,
				1CA6FB191C97CCED00688340 /* appTheme1 in Resources */,
				1CA6FAB71C93FF9600688340 /* LaunchScreen.storyboard in Resources */,
				1CA6FB2A1C97CCFA00688340 /* loginButton in Resources */,
				1CA6FB2B1C97CCFA00688340 /* pressed profile.png in Resources */,
				1CA6FB271C97CCFA00688340 /* CleanCar in Resources */,
				1CA6FAB41C93FF9600688340 /* Assets.xcassets in Resources */,
				1CA6FB291C97CCFA00688340 /* launchimage.png in Resources */,
				1CA6FB261C97CCFA00688340 /* backimage in Resources */,
				1CA6FAB21C93FF9600688340 /* Main.storyboard in Resources */,
				1CA6FB281C97CCFA00688340 /* homePage in Resources */,
				1CA6FB161C97CCED00688340 /* 50 Px Pressed About Us.png in Resources */,
				1CA6FB301C97CCFA00688340 /* YourCars in Resources */,
				1CA6FB311C97CCFA00688340 /* YourCars.png in Resources */,
				1CA6FB2C1C97CCFA00688340 /* registerButton in Resources */,
			);
			runOnlyForDeploymentPostprocessing = 0;
		};
		1CA6FABB1C93FF9600688340 /* Resources */ = {
			isa = PBXResourcesBuildPhase;
			buildActionMask = 2147483647;
			files = (
			);
			runOnlyForDeploymentPostprocessing = 0;
		};
		1CA6FAC61C93FF9600688340 /* Resources */ = {
			isa = PBXResourcesBuildPhase;
			buildActionMask = 2147483647;
			files = (
			);
			runOnlyForDeploymentPostprocessing = 0;
		};
/* End PBXResourcesBuildPhase section */

/* Begin PBXSourcesBuildPhase section */
		1CA6FAA01C93FF9500688340 /* Sources */ = {
			isa = PBXSourcesBuildPhase;
			buildActionMask = 2147483647;
			files = (
				1CA6FAAF1C93FF9600688340 /* ViewController.m in Sources */,
				1CA6FAAC1C93FF9600688340 /* AppDelegate.m in Sources */,
				1CA6FAA91C93FF9500688340 /* main.m in Sources */,
			);
			runOnlyForDeploymentPostprocessing = 0;
		};
		1CA6FAB91C93FF9600688340 /* Sources */ = {
			isa = PBXSourcesBuildPhase;
			buildActionMask = 2147483647;
			files = (
				1CA6FAC21C93FF9600688340 /* Auto_M8Tests.m in Sources */,
			);
			runOnlyForDeploymentPostprocessing = 0;
		};
		1CA6FAC41C93FF9600688340 /* Sources */ = {
			isa = PBXSourcesBuildPhase;
			buildActionMask = 2147483647;
			files = (
				1CA6FACD1C93FF9600688340 /* Auto_M8UITests.m in Sources */,
			);
			runOnlyForDeploymentPostprocessing = 0;
		};
/* End PBXSourcesBuildPhase section */

/* Begin PBXTargetDependency section */
		1CA6FABF1C93FF9600688340 /* PBXTargetDependency */ = {
			isa = PBXTargetDependency;
			target = 1CA6FAA31C93FF9500688340 /* Auto-M8 */;
			targetProxy = 1CA6FABE1C93FF9600688340 /* PBXContainerItemProxy */;
		};
		1CA6FACA1C93FF9600688340 /* PBXTargetDependency */ = {
			isa = PBXTargetDependency;
			target = 1CA6FAA31C93FF9500688340 /* Auto-M8 */;
			targetProxy = 1CA6FAC91C93FF9600688340 /* PBXContainerItemProxy */;
		};
/* End PBXTargetDependency section */

/* Begin PBXVariantGroup section */
		1CA6FAB01C93FF9600688340 /* Main.storyboard */ = {
			isa = PBXVariantGroup;
			children = (
				1CA6FAB11C93FF9600688340 /* Base */,
			);
			name = Main.storyboard;
			sourceTree = "<group>";
		};
		1CA6FAB51C93FF9600688340 /* LaunchScreen.storyboard */ = {
			isa = PBXVariantGroup;
			children = (
				1CA6FAB61C93FF9600688340 /* Base */,
			);
			name = LaunchScreen.storyboard;
			sourceTree = "<group>";
		};
/* End PBXVariantGroup section */

/* Begin XCBuildConfiguration section */
		1CA6FACF1C93FF9600688340 /* Debug */ = {
			isa = XCBuildConfiguration;
			buildSettings = {
				ALWAYS_SEARCH_USER_PATHS = NO;
				CLANG_CXX_LANGUAGE_STANDARD = "gnu++0x";
				CLANG_CXX_LIBRARY = "libc++";
				CLANG_ENABLE_MODULES = YES;
				CLANG_ENABLE_OBJC_ARC = YES;
				CLANG_WARN_BOOL_CONVERSION = YES;
				CLANG_WARN_CONSTANT_CONVERSION = YES;
				CLANG_WARN_DIRECT_OBJC_ISA_USAGE = YES_ERROR;
				CLANG_WARN_EMPTY_BODY = YES;
				CLANG_WARN_ENUM_CONVERSION = YES;
				CLANG_WARN_INT_CONVERSION = YES;
				CLANG_WARN_OBJC_ROOT_CLASS = YES_ERROR;
				CLANG_WARN_UNREACHABLE_CODE = YES;
				CLANG_WARN__DUPLICATE_METHOD_MATCH = YES;
				"CODE_SIGN_IDENTITY[sdk=iphoneos*]" = "iPhone Developer";
				COPY_PHASE_STRIP = NO;
				DEBUG_INFORMATION_FORMAT = dwarf;
				ENABLE_STRICT_OBJC_MSGSEND = YES;
				ENABLE_TESTABILITY = YES;
				GCC_C_LANGUAGE_STANDARD = gnu99;
				GCC_DYNAMIC_NO_PIC = NO;
				GCC_NO_COMMON_BLOCKS = YES;
				GCC_OPTIMIZATION_LEVEL = 0;
				GCC_PREPROCESSOR_DEFINITIONS = (
					"DEBUG=1",
					"$(inherited)",
				);
				GCC_WARN_64_TO_32_BIT_CONVERSION = YES;
				GCC_WARN_ABOUT_RETURN_TYPE = YES_ERROR;
				GCC_WARN_UNDECLARED_SELECTOR = YES;
				GCC_WARN_UNINITIALIZED_AUTOS = YES_AGGRESSIVE;
				GCC_WARN_UNUSED_FUNCTION = YES;
				GCC_WARN_UNUSED_VARIABLE = YES;
				IPHONEOS_DEPLOYMENT_TARGET = 9.1;
				MTL_ENABLE_DEBUG_INFO = YES;
				ONLY_ACTIVE_ARCH = YES;
				SDKROOT = iphoneos;
			};
			name = Debug;
		};
		1CA6FAD01C93FF9600688340 /* Release */ = {
			isa = XCBuildConfiguration;
			buildSettings = {
				ALWAYS_SEARCH_USER_PATHS = NO;
				CLANG_CXX_LANGUAGE_STANDARD = "gnu++0x";
				CLANG_CXX_LIBRARY = "libc++";
				CLANG_ENABLE_MODULES = YES;
				CLANG_ENABLE_OBJC_ARC = YES;
				CLANG_WARN_BOOL_CONVERSION = YES;
				CLANG_WARN_CONSTANT_CONVERSION = YES;
				CLANG_WARN_DIRECT_OBJC_ISA_USAGE = YES_ERROR;
				CLANG_WARN_EMPTY_BODY = YES;
				CLANG_WARN_ENUM_CONVERSION = YES;
				CLANG_WARN_INT_CONVERSION = YES;
				CLANG_WARN_OBJC_ROOT_CLASS = YES_ERROR;
				CLANG_WARN_UNREACHABLE_CODE = YES;
				CLANG_WARN__DUPLICATE_METHOD_MATCH = YES;
				"CODE_SIGN_IDENTITY[sdk=iphoneos*]" = "iPhone Developer";
				COPY_PHASE_STRIP = NO;
				DEBUG_INFORMATION_FORMAT = "dwarf-with-dsym";
				ENABLE_NS_ASSERTIONS = NO;
				ENABLE_STRICT_OBJC_MSGSEND = YES;
				GCC_C_LANGUAGE_STANDARD = gnu99;
				GCC_NO_COMMON_BLOCKS = YES;
				GCC_WARN_64_TO_32_BIT_CONVERSION = YES;
				GCC_WARN_ABOUT_RETURN_TYPE = YES_ERROR;
				GCC_WARN_UNDECLARED_SELECTOR = YES;
				GCC_WARN_UNINITIALIZED_AUTOS = YES_AGGRESSIVE;
				GCC_WARN_UNUSED_FUNCTION = YES;
				GCC_WARN_UNUSED_VARIABLE = YES;
				IPHONEOS_DEPLOYMENT_TARGET = 9.1;
				MTL_ENABLE_DEBUG_INFO = NO;
				SDKROOT = iphoneos;
				VALIDATE_PRODUCT = YES;
			};
			name = Release;
		};
		1CA6FAD21C93FF9600688340 /* Debug */ = {
			isa = XCBuildConfiguration;
			buildSettings = {
				ASSETCATALOG_COMPILER_APPICON_NAME = AppIcon;
				FRAMEWORK_SEARCH_PATHS = (
					"$(inherited)",
					"$(PROJECT_DIR)/Auto-M8",
				);
				INFOPLIST_FILE = "Auto-M8/Info.plist";
				IPHONEOS_DEPLOYMENT_TARGET = 8.1;
				LD_RUNPATH_SEARCH_PATHS = "$(inherited) @executable_path/Frameworks";
				PRODUCT_BUNDLE_IDENTIFIER = "ISP.Auto-M8";
				PRODUCT_NAME = "$(TARGET_NAME)";
			};
			name = Debug;
		};
		1CA6FAD31C93FF9600688340 /* Release */ = {
			isa = XCBuildConfiguration;
			buildSettings = {
				ASSETCATALOG_COMPILER_APPICON_NAME = AppIcon;
				FRAMEWORK_SEARCH_PATHS = (
					"$(inherited)",
					"$(PROJECT_DIR)/Auto-M8",
				);
				INFOPLIST_FILE = "Auto-M8/Info.plist";
				IPHONEOS_DEPLOYMENT_TARGET = 8.1;
				LD_RUNPATH_SEARCH_PATHS = "$(inherited) @executable_path/Frameworks";
				PRODUCT_BUNDLE_IDENTIFIER = "ISP.Auto-M8";
				PRODUCT_NAME = "$(TARGET_NAME)";
			};
			name = Release;
		};
		1CA6FAD51C93FF9600688340 /* Debug */ = {
			isa = XCBuildConfiguration;
			buildSettings = {
				BUNDLE_LOADER = "$(TEST_HOST)";
				INFOPLIST_FILE = "Auto-M8Tests/Info.plist";
				LD_RUNPATH_SEARCH_PATHS = "$(inherited) @executable_path/Frameworks @loader_path/Frameworks";
				PRODUCT_BUNDLE_IDENTIFIER = "ISP.Auto-M8Tests";
				PRODUCT_NAME = "$(TARGET_NAME)";
				TEST_HOST = "$(BUILT_PRODUCTS_DIR)/Auto-M8.app/Auto-M8";
			};
			name = Debug;
		};
		1CA6FAD61C93FF9600688340 /* Release */ = {
			isa = XCBuildConfiguration;
			buildSettings = {
				BUNDLE_LOADER = "$(TEST_HOST)";
				INFOPLIST_FILE = "Auto-M8Tests/Info.plist";
				LD_RUNPATH_SEARCH_PATHS = "$(inherited) @executable_path/Frameworks @loader_path/Frameworks";
				PRODUCT_BUNDLE_IDENTIFIER = "ISP.Auto-M8Tests";
				PRODUCT_NAME = "$(TARGET_NAME)";
				TEST_HOST = "$(BUILT_PRODUCTS_DIR)/Auto-M8.app/Auto-M8";
			};
			name = Release;
		};
		1CA6FAD81C93FF9600688340 /* Debug */ = {
			isa = XCBuildConfiguration;
			buildSettings = {
				INFOPLIST_FILE = "Auto-M8UITests/Info.plist";
				LD_RUNPATH_SEARCH_PATHS = "$(inherited) @executable_path/Frameworks @loader_path/Frameworks";
				PRODUCT_BUNDLE_IDENTIFIER = "ISP.Auto-M8UITests";
				PRODUCT_NAME = "$(TARGET_NAME)";
				TEST_TARGET_NAME = "Auto-M8";
				USES_XCTRUNNER = YES;
			};
			name = Debug;
		};
		1CA6FAD91C93FF9600688340 /* Release */ = {
			isa = XCBuildConfiguration;
			buildSettings = {
				INFOPLIST_FILE = "Auto-M8UITests/Info.plist";
				LD_RUNPATH_SEARCH_PATHS = "$(inherited) @executable_path/Frameworks @loader_path/Frameworks";
				PRODUCT_BUNDLE_IDENTIFIER = "ISP.Auto-M8UITests";
				PRODUCT_NAME = "$(TARGET_NAME)";
				TEST_TARGET_NAME = "Auto-M8";
				USES_XCTRUNNER = YES;
			};
			name = Release;
		};
/* End XCBuildConfiguration section */

/* Begin XCConfigurationList section */
		1CA6FA9F1C93FF9500688340 /* Build configuration list for PBXProject "Auto-M8" */ = {
			isa = XCConfigurationList;
			buildConfigurations = (
				1CA6FACF1C93FF9600688340 /* Debug */,
				1CA6FAD01C93FF9600688340 /* Release */,
			);
			defaultConfigurationIsVisible = 0;
			defaultConfigurationName = Release;
		};
		1CA6FAD11C93FF9600688340 /* Build configuration list for PBXNativeTarget "Auto-M8" */ = {
			isa = XCConfigurationList;
			buildConfigurations = (
				1CA6FAD21C93FF9600688340 /* Debug */,
				1CA6FAD31C93FF9600688340 /* Release */,
			);
			defaultConfigurationIsVisible = 0;
			defaultConfigurationName = Release;
		};
		1CA6FAD41C93FF9600688340 /* Build configuration list for PBXNativeTarget "Auto-M8Tests" */ = {
			isa = XCConfigurationList;
			buildConfigurations = (
				1CA6FAD51C93FF9600688340 /* Debug */,
				1CA6FAD61C93FF9600688340 /* Release */,
			);
			defaultConfigurationIsVisible = 0;
			defaultConfigurationName = Release;
		};
		1CA6FAD71C93FF9600688340 /* Build configuration list for PBXNativeTarget "Auto-M8UITests" */ = {
			isa = XCConfigurationList;
			buildConfigurations = (
				1CA6FAD81C93FF9600688340 /* Debug */,
				1CA6FAD91C93FF9600688340 /* Release */,
			);
			defaultConfigurationIsVisible = 0;
			defaultConfigurationName = Release;
		};
/* End XCConfigurationList section */
	};
	rootObject = 1CA6FA9C1C93FF9500688340 /* Project object */;
}
